# This file is automatically @generated by Poetry and should not be changed by hand.

[[package]]
name = "attrs"
version = "22.1.0"
description = "Classes Without Boilerplate"
category = "dev"
optional = false
python-versions = ">=3.5"
files = [
    {file = "attrs-22.1.0-py2.py3-none-any.whl", hash = "sha256:86efa402f67bf2df34f51a335487cf46b1ec130d02b8d39fd248abfd30da551c"},
    {file = "attrs-22.1.0.tar.gz", hash = "sha256:29adc2665447e5191d0e7c568fde78b21f9672d344281d0c6e1ab085429b22b6"},
]

[package.extras]
dev = ["cloudpickle", "coverage[toml] (>=5.0.2)", "furo", "hypothesis", "mypy (>=0.900,!=0.940)", "pre-commit", "pympler", "pytest (>=4.3.0)", "pytest-mypy-plugins", "sphinx", "sphinx-notfound-page", "zope.interface"]
docs = ["furo", "sphinx", "sphinx-notfound-page", "zope.interface"]
tests = ["cloudpickle", "coverage[toml] (>=5.0.2)", "hypothesis", "mypy (>=0.900,!=0.940)", "pympler", "pytest (>=4.3.0)", "pytest-mypy-plugins", "zope.interface"]
tests-no-zope = ["cloudpickle", "coverage[toml] (>=5.0.2)", "hypothesis", "mypy (>=0.900,!=0.940)", "pympler", "pytest (>=4.3.0)", "pytest-mypy-plugins"]

[package.source]
type = "legacy"
url = "https://pypi.tuna.tsinghua.edu.cn/simple"
reference = "tsinghua"

[[package]]
name = "colorama"
version = "0.4.6"
description = "Cross-platform colored terminal text."
category = "dev"
optional = false
python-versions = "!=3.0.*,!=3.1.*,!=3.2.*,!=3.3.*,!=3.4.*,!=3.5.*,!=3.6.*,>=2.7"
files = [
    {file = "colorama-0.4.6-py2.py3-none-any.whl", hash = "sha256:4f1d9991f5acc0ca119f9d443620b77f9d6b33703e51011c16baf57afb285fc6"},
    {file = "colorama-0.4.6.tar.gz", hash = "sha256:08695f5cb7ed6e0531a20572697297273c47b8cae5a63ffc6d6ed5c201be6e44"},
]

[package.source]
type = "legacy"
url = "https://pypi.tuna.tsinghua.edu.cn/simple"
reference = "tsinghua"

[[package]]
name = "cupy-cuda11x"
version = "11.4.0"
description = "CuPy: NumPy & SciPy for GPU"
category = "main"
optional = false
python-versions = ">=3.7"
files = [
    {file = "cupy_cuda11x-11.4.0-cp310-cp310-manylinux1_x86_64.whl", hash = "sha256:6ce79931477e6b1e4451222b8be7f8cbe11be75a34edf26f6fae504cca6c5e0a"},
    {file = "cupy_cuda11x-11.4.0-cp310-cp310-win_amd64.whl", hash = "sha256:639d4b481717b5963cf5b74f33e38d151bc775261587ad9508dfc2b3b5bb1c83"},
    {file = "cupy_cuda11x-11.4.0-cp311-cp311-manylinux1_x86_64.whl", hash = "sha256:2df5e1e33770dfadd7e66a3183e50e376c8a1ab0c7d1e11f7db248994d5c153d"},
    {file = "cupy_cuda11x-11.4.0-cp311-cp311-win_amd64.whl", hash = "sha256:e0d7d237378bf89eadc1d29afbc2ce8e1df44ea7ecdc5e872cf8d9826cf771a6"},
    {file = "cupy_cuda11x-11.4.0-cp37-cp37m-manylinux1_x86_64.whl", hash = "sha256:1392695264cbfbef6273c57cbfd33c6a2d08c172c6eda41daf074126addae51d"},
    {file = "cupy_cuda11x-11.4.0-cp37-cp37m-win_amd64.whl", hash = "sha256:e4a2502a79ea90e0c3b84f524fa59ea0aadefb94042149f7df55f49dbaca3345"},
    {file = "cupy_cuda11x-11.4.0-cp38-cp38-manylinux1_x86_64.whl", hash = "sha256:84d78a46fd6b9b6cc6247cc6a5e2fb87879d206ca0b0cdf409164079e1f35580"},
    {file = "cupy_cuda11x-11.4.0-cp38-cp38-win_amd64.whl", hash = "sha256:43c6840c3f470ce3080c289f474fca34dc5277f9d87b295eeee437ec0c26eb31"},
    {file = "cupy_cuda11x-11.4.0-cp39-cp39-manylinux1_x86_64.whl", hash = "sha256:d482aa0c3f6fef51c3e3290dc8b226053ef5c022cc0b31c170936b89f3d0b2d0"},
    {file = "cupy_cuda11x-11.4.0-cp39-cp39-win_amd64.whl", hash = "sha256:50f0f2285e68aafeb1b96cfc581d652b6f45fa1dd69761854df1359c08247285"},
]

[package.dependencies]
fastrlock = ">=0.5"
numpy = ">=1.20,<1.26"

[package.extras]
all = ["Cython (>=0.29.22,<3)", "optuna (>=2.0)", "scipy (>=1.6,<1.12)"]
stylecheck = ["autopep8 (==1.5.5)", "flake8 (==3.8.4)", "mypy (==0.950)", "pbr (==5.5.1)", "pycodestyle (==2.6.0)", "types-setuptools (==57.4.14)"]
test = ["hypothesis (>=6.37.2,<6.55.0)", "pytest (>=7.2)"]

[package.source]
type = "legacy"
url = "https://pypi.tuna.tsinghua.edu.cn/simple"
reference = "tsinghua"

[[package]]
name = "cuquantum"
version = "22.11.0"
description = "NVIDIA cuQuantum SDK"
category = "main"
optional = false
python-versions = "*"
files = [
    {file = "cuquantum-22.11.0-py3-none-manylinux2014_aarch64.whl", hash = "sha256:b98121d270c9831d40a164b4f3f952790f14eb1d898d2219098f5b7de9238757"},
    {file = "cuquantum-22.11.0-py3-none-manylinux2014_x86_64.whl", hash = "sha256:40e85e61050eb21f89760820ca808405f7d5d2d6a9bd47fa176d60d49cd00796"},
]

[package.dependencies]
cuquantum-cu11 = "22.11.0"

[package.source]
type = "legacy"
url = "https://pypi.tuna.tsinghua.edu.cn/simple"
reference = "tsinghua"

[[package]]
name = "cuquantum-cu11"
version = "22.11.0"
description = "NVIDIA cuQuantum SDK"
category = "main"
optional = false
python-versions = "*"
files = [
    {file = "cuquantum_cu11-22.11.0-py3-none-manylinux2014_aarch64.whl", hash = "sha256:f651f23fb696b3c45f085fc537d0af11e32794265ea5ecfc0f6130bdccfdbc34"},
    {file = "cuquantum_cu11-22.11.0-py3-none-manylinux2014_x86_64.whl", hash = "sha256:83532b0d4e4d76aa9152aba9e61f486c94b38ade9651c7876e351ce09a22ad3b"},
]

[package.dependencies]
custatevec-cu11 = "1.2.0"
cutensornet-cu11 = "2.0.0"

[package.source]
type = "legacy"
url = "https://pypi.tuna.tsinghua.edu.cn/simple"
reference = "tsinghua"

[[package]]
name = "cuquantum-python"
version = "22.11.0"
description = "NVIDIA cuQuantum Python"
category = "main"
optional = false
python-versions = "*"
files = [
    {file = "cuquantum_python-22.11.0-py3-none-manylinux2014_aarch64.whl", hash = "sha256:779741dcf1e37e4a5ee398e8fab92e8bf1c758c7b28fd548ce1124e384653dbc"},
    {file = "cuquantum_python-22.11.0-py3-none-manylinux2014_x86_64.whl", hash = "sha256:e04f9f612357c008b5bbb5f3a440e596659bd4bf099d2424898355162a2d7c2c"},
]

[package.dependencies]
cuquantum-python-cu11 = "22.11.0"

[package.source]
type = "legacy"
url = "https://pypi.tuna.tsinghua.edu.cn/simple"
reference = "tsinghua"

[[package]]
name = "cuquantum-python-cu11"
version = "22.11.0"
description = "NVIDIA cuQuantum Python"
category = "main"
optional = false
python-versions = ">=3.8"
files = [
    {file = "cuquantum_python_cu11-22.11.0-cp310-cp310-manylinux2014_aarch64.whl", hash = "sha256:992dbc2d0a50ad2418f9e485d9a2a08294ea5b5170da025ca550bbc23aba9c49"},
    {file = "cuquantum_python_cu11-22.11.0-cp310-cp310-manylinux2014_x86_64.whl", hash = "sha256:24c9ce049688daa940ac463141e5366df3500f14ec465f6c20e628748c77e4e1"},
    {file = "cuquantum_python_cu11-22.11.0-cp38-cp38-manylinux2014_aarch64.whl", hash = "sha256:29fc62dd2e34d89dcebfc0095ca435b4584ac1f00d9dd4a752b39c700dafdbca"},
    {file = "cuquantum_python_cu11-22.11.0-cp38-cp38-manylinux2014_x86_64.whl", hash = "sha256:40f45017340b3dd24eca7bc85ece6a1366f5263a17dd6b456235dae0e021c13c"},
    {file = "cuquantum_python_cu11-22.11.0-cp39-cp39-manylinux2014_aarch64.whl", hash = "sha256:9b1010fc45f901715813c6376e8b8711849f26bb9939eb41096f84a990aa862e"},
    {file = "cuquantum_python_cu11-22.11.0-cp39-cp39-manylinux2014_x86_64.whl", hash = "sha256:a631b4fd5e67dabd19580e33868a90163cfb6a9c93f1de4929575b9ef5ae2da6"},
]

[package.dependencies]
custatevec-cu11 = ">=1.1,<2.0"
cutensornet-cu11 = ">=2.0,<3.0"
numpy = "*"

[package.source]
type = "legacy"
url = "https://pypi.tuna.tsinghua.edu.cn/simple"
reference = "tsinghua"

[[package]]
name = "custatevec-cu11"
version = "1.2.0"
description = "cuStateVec - a component of NVIDIA cuQuantum SDK"
category = "main"
optional = false
python-versions = "*"
files = [
    {file = "custatevec_cu11-1.2.0-py3-none-manylinux2014_aarch64.whl", hash = "sha256:b1f42be57019a23ad3d51adea9683dc25d40bd2a1038f7e39968a88f3249569f"},
    {file = "custatevec_cu11-1.2.0-py3-none-manylinux2014_x86_64.whl", hash = "sha256:24be05aa1902172b1239dbb85dc77caafec67725857c6187910f5d0963e739f1"},
]

[package.source]
type = "legacy"
url = "https://pypi.tuna.tsinghua.edu.cn/simple"
reference = "tsinghua"

[[package]]
name = "cutensor-cu11"
version = "1.6.1"
description = "NVIDIA cuTENSOR"
category = "main"
optional = false
python-versions = "*"
files = [
    {file = "cutensor_cu11-1.6.1-py3-none-manylinux2014_aarch64.whl", hash = "sha256:393eb7d6d9ac5aa927b6b3c329f5cdbe8a80afd8522d20521e1c306c54339aa0"},
    {file = "cutensor_cu11-1.6.1-py3-none-manylinux2014_x86_64.whl", hash = "sha256:e2714bc62793d0df4ff5811a72f59faf3fc18ac5ec08aa1950ddaec99a011947"},
]

[package.source]
type = "legacy"
url = "https://pypi.tuna.tsinghua.edu.cn/simple"
reference = "tsinghua"

[[package]]
name = "cutensornet-cu11"
version = "2.0.0"
description = "cuTensorNet - a component of NVIDIA cuQuantum SDK"
category = "main"
optional = false
python-versions = "*"
files = [
    {file = "cutensornet_cu11-2.0.0-py3-none-manylinux2014_aarch64.whl", hash = "sha256:190f5112b079baf88f196f243f0ac40130c16d4b33b3823987a96a83f5583bab"},
    {file = "cutensornet_cu11-2.0.0-py3-none-manylinux2014_x86_64.whl", hash = "sha256:437c2180218b74e4f4bbc0d94b064dd959407805c9806747e3e005c4d8564ac6"},
]

[package.dependencies]
cutensor-cu11 = ">=1.6.1,<2"

[package.source]
type = "legacy"
url = "https://pypi.tuna.tsinghua.edu.cn/simple"
reference = "tsinghua"

[[package]]
name = "exceptiongroup"
version = "1.0.4"
description = "Backport of PEP 654 (exception groups)"
category = "dev"
optional = false
python-versions = ">=3.7"
files = [
    {file = "exceptiongroup-1.0.4-py3-none-any.whl", hash = "sha256:542adf9dea4055530d6e1279602fa5cb11dab2395fa650b8674eaec35fc4a828"},
    {file = "exceptiongroup-1.0.4.tar.gz", hash = "sha256:bd14967b79cd9bdb54d97323216f8fdf533e278df937aa2a90089e7d6e06e5ec"},
]

[package.extras]
test = ["pytest (>=6)"]

[package.source]
type = "legacy"
url = "https://pypi.tuna.tsinghua.edu.cn/simple"
reference = "tsinghua"

[[package]]
name = "fastrlock"
version = "0.8.1"
description = "Fast, re-entrant optimistic lock implemented in Cython"
category = "main"
optional = false
python-versions = "*"
files = [
    {file = "fastrlock-0.8.1-cp27-cp27m-macosx_10_15_x86_64.whl", hash = "sha256:e88ad64610f709daf6763fcb73b1640489d6cc3065761f0a9a42e83e0a0ce8da"},
    {file = "fastrlock-0.8.1-cp27-cp27m-manylinux_2_5_i686.manylinux1_i686.whl", hash = "sha256:54bcea11203dd0af2b4d783487f12f4f977c098be74a56c4c4d7b60ec793e7b7"},
    {file = "fastrlock-0.8.1-cp27-cp27m-manylinux_2_5_x86_64.manylinux1_x86_64.whl", hash = "sha256:3068a7497bf3e58c71835c79c27b05b1726f45a1c5c8c333be56ce6643285e31"},
    {file = "fastrlock-0.8.1-cp27-cp27mu-manylinux_2_5_i686.manylinux1_i686.whl", hash = "sha256:62168061441c2656e440f401f6d8ebd0af94fac3e662782d12ade08b4c11e8e9"},
    {file = "fastrlock-0.8.1-cp27-cp27mu-manylinux_2_5_x86_64.manylinux1_x86_64.whl", hash = "sha256:8d4e59933a81a62ed85e7df62991120eace969ea15e4ca3321264b4ab320b76a"},
    {file = "fastrlock-0.8.1-cp310-cp310-macosx_10_15_x86_64.whl", hash = "sha256:cf3e5703e60f88a85d615e36212e411f1fce6cabfad9cc84fe3b9877b133b3c2"},
    {file = "fastrlock-0.8.1-cp310-cp310-manylinux_2_17_aarch64.manylinux2014_aarch64.manylinux_2_24_aarch64.whl", hash = "sha256:b84fb655c281bdd35376fc7bd35ff9eba647fe1d0fe770f62f6e64522f894f72"},
    {file = "fastrlock-0.8.1-cp310-cp310-manylinux_2_5_i686.manylinux1_i686.manylinux_2_24_i686.whl", hash = "sha256:f836adcdfe3d825e303aca6d26f6c58620fe6d50e86568df741ba96892c37a09"},
    {file = "fastrlock-0.8.1-cp310-cp310-manylinux_2_5_x86_64.manylinux1_x86_64.manylinux_2_24_x86_64.whl", hash = "sha256:d6c53abeae3f9a55b5c65824cec9df59159fa50e8fa800a5c6e8de42b2219c28"},
    {file = "fastrlock-0.8.1-cp310-cp310-musllinux_1_1_aarch64.whl", hash = "sha256:77dd26848251efdf216779eb7581f7bdf99893b34f6e7e8989cc92b580f20189"},
    {file = "fastrlock-0.8.1-cp310-cp310-musllinux_1_1_x86_64.whl", hash = "sha256:0055ba81eb3c4c18345cd229eee9952315e4ecedd9d41793c077892a7823be8f"},
    {file = "fastrlock-0.8.1-cp310-cp310-win_amd64.whl", hash = "sha256:b3c7738911053b418046b57fdc034a67d104fbc597b2391bee663a24f4299314"},
    {file = "fastrlock-0.8.1-cp311-cp311-macosx_10_15_universal2.whl", hash = "sha256:fc92b5de2a5c1da603e545056b816f7b3db3d46beccfcffe8dc0d8f0df7cfc6e"},
    {file = "fastrlock-0.8.1-cp311-cp311-manylinux_2_17_aarch64.manylinux2014_aarch64.manylinux_2_24_aarch64.whl", hash = "sha256:5c59b5de879bb2890a644dbe24c592467219bcf7c5c7388fb200e0022e3b741a"},
    {file = "fastrlock-0.8.1-cp311-cp311-manylinux_2_5_i686.manylinux1_i686.manylinux_2_24_i686.whl", hash = "sha256:d19841bf61a4ff671a761040815917880a153e8543d1f147537389af5cbc604a"},
    {file = "fastrlock-0.8.1-cp311-cp311-manylinux_2_5_x86_64.manylinux1_x86_64.manylinux_2_24_x86_64.whl", hash = "sha256:e7c416807063cadaf9f3f64debf5791d943dcde9089ac71016e8ca010dabaa7f"},
    {file = "fastrlock-0.8.1-cp311-cp311-musllinux_1_1_aarch64.whl", hash = "sha256:30311e09594ac0806aad517da6e0c06510f2c2fc3f8b3b2c1ae6172460fd4f6a"},
    {file = "fastrlock-0.8.1-cp311-cp311-musllinux_1_1_x86_64.whl", hash = "sha256:4d1322aa0ffe702e1cc3c002e302edea5f6b8a3af096a7b340b7f719a577669c"},
    {file = "fastrlock-0.8.1-cp311-cp311-win_amd64.whl", hash = "sha256:e683e2eb35058d4ba8576f9180f133b2367723d6ea4c3d1a3559894c8b7c9f33"},
    {file = "fastrlock-0.8.1-cp35-cp35m-macosx_10_15_x86_64.whl", hash = "sha256:826b7dbf89c4157134bc96c9df0ef2cc99f8fe2abb38bd080a0acc34172bf7df"},
    {file = "fastrlock-0.8.1-cp35-cp35m-manylinux_2_5_i686.manylinux1_i686.whl", hash = "sha256:0e6acadda18125c972b73c4787adbf688c5aa140015ea3632f38d9119cf09214"},
    {file = "fastrlock-0.8.1-cp35-cp35m-manylinux_2_5_x86_64.manylinux1_x86_64.whl", hash = "sha256:65d77bfca60672e6ccafcac7b6533d275b626a060fefa6e297cf3430b8357427"},
    {file = "fastrlock-0.8.1-cp36-cp36m-macosx_10_15_x86_64.whl", hash = "sha256:a2671b4c6fe6dff7eb83da7cf510894c83d88e4f5ca9a7515f70bc2daff31c4c"},
    {file = "fastrlock-0.8.1-cp36-cp36m-manylinux_2_17_aarch64.manylinux2014_aarch64.manylinux_2_24_aarch64.whl", hash = "sha256:551b70cd6aad03094f977f87c1ea5b19b6036eae340c2181164d15e5602e5fcb"},
    {file = "fastrlock-0.8.1-cp36-cp36m-manylinux_2_5_i686.manylinux1_i686.manylinux_2_24_i686.whl", hash = "sha256:d0c97035aca21c4b56b4ecb15d006adc0e9277ee8479fe3d709bbc261ff7c8a9"},
    {file = "fastrlock-0.8.1-cp36-cp36m-manylinux_2_5_i686.manylinux1_i686.whl", hash = "sha256:af58fc057de699dfcd9a3e16c3204696b5155ed931ccc2ec3e8e9123e56343f9"},
    {file = "fastrlock-0.8.1-cp36-cp36m-manylinux_2_5_x86_64.manylinux1_x86_64.manylinux_2_24_x86_64.whl", hash = "sha256:bb7dfe068b9925cadabf14539e4201c3391da255a6bb2d7a42e2d8b6bb167329"},
    {file = "fastrlock-0.8.1-cp36-cp36m-manylinux_2_5_x86_64.manylinux1_x86_64.whl", hash = "sha256:cdba150ab6334f94055e54e3ebda03b9804fb09ad8ebd453af4bc47ad9ddfc17"},
    {file = "fastrlock-0.8.1-cp36-cp36m-musllinux_1_1_aarch64.whl", hash = "sha256:51c3200a11797986c85c48102c0ce35f6c53b709ef123b9ac1d07c3617307125"},
    {file = "fastrlock-0.8.1-cp36-cp36m-musllinux_1_1_x86_64.whl", hash = "sha256:ec258de18ad41b9e251173d64afe70da83f852b612cf5fc51e64ad0408a0a973"},
    {file = "fastrlock-0.8.1-cp36-cp36m-win_amd64.whl", hash = "sha256:ed84c5d813abf02c809513fe286dac8a21cace71c0a4b6cb344b1aab0571a403"},
    {file = "fastrlock-0.8.1-cp37-cp37m-macosx_10_15_x86_64.whl", hash = "sha256:3a7888ce976a6d0ad699c2bdca6571beec482f460cb917978abb8c60f8150219"},
    {file = "fastrlock-0.8.1-cp37-cp37m-manylinux_2_17_aarch64.manylinux2014_aarch64.manylinux_2_24_aarch64.whl", hash = "sha256:d67418209ed0f3a0ff5ca79a8b4a05d4d5711cedd99a45223858bd0826c9112d"},
    {file = "fastrlock-0.8.1-cp37-cp37m-manylinux_2_5_i686.manylinux1_i686.manylinux_2_24_i686.whl", hash = "sha256:713158684a3c20134b55ee2442616dfba3e6bab9817dd7a8b230afecb331176e"},
    {file = "fastrlock-0.8.1-cp37-cp37m-manylinux_2_5_i686.manylinux1_i686.whl", hash = "sha256:a422bfdaaf896d8e7be6e082d7c59bfca56daa6fdd85023f4f63bfa088f7fd3f"},
    {file = "fastrlock-0.8.1-cp37-cp37m-manylinux_2_5_x86_64.manylinux1_x86_64.manylinux_2_24_x86_64.whl", hash = "sha256:f5b32366e63b5f150ce58efd0d64754310960b4cae81a2c45bf956284188271e"},
    {file = "fastrlock-0.8.1-cp37-cp37m-manylinux_2_5_x86_64.manylinux1_x86_64.whl", hash = "sha256:e88260af5a94afe3516e8819a3f77fe604fa4c71e7d4d7c96ae92f84408146e2"},
    {file = "fastrlock-0.8.1-cp37-cp37m-musllinux_1_1_aarch64.whl", hash = "sha256:2d7bcbd5258d7d2dbe1c8719c3faf6b2f62e609b51c0c80216ea624d2c423357"},
    {file = "fastrlock-0.8.1-cp37-cp37m-musllinux_1_1_x86_64.whl", hash = "sha256:537423c21e3f582b044d6aa2da7a813785e80328054099a6913545f68474b088"},
    {file = "fastrlock-0.8.1-cp37-cp37m-win_amd64.whl", hash = "sha256:cd55b2669a62f2a0eb3fa7bedc4bcca0663440ffa5401f3dc1bd2a3394fca766"},
    {file = "fastrlock-0.8.1-cp38-cp38-macosx_10_15_x86_64.whl", hash = "sha256:252cd40c2d8a412e238213d494e920d74439ae2d480ff83d72b23270cc218497"},
    {file = "fastrlock-0.8.1-cp38-cp38-manylinux_2_17_aarch64.manylinux2014_aarch64.manylinux_2_24_aarch64.whl", hash = "sha256:b9bea96dfb18fd1fbd7e18f9e2ee6868691e1c99a3dc111c267a97e49acbecba"},
    {file = "fastrlock-0.8.1-cp38-cp38-manylinux_2_5_i686.manylinux1_i686.manylinux_2_24_i686.whl", hash = "sha256:4459f0743af5b4ad5ace4bbb65162e60ed320437dcf473bf60a9f4a9a188b5cd"},
    {file = "fastrlock-0.8.1-cp38-cp38-manylinux_2_5_i686.manylinux1_i686.whl", hash = "sha256:1bccd6d2ae63995f3f0cd25770f39858f0802e45b95325f406d3fce19c41834d"},
    {file = "fastrlock-0.8.1-cp38-cp38-manylinux_2_5_x86_64.manylinux1_x86_64.manylinux_2_24_x86_64.whl", hash = "sha256:3e4c0ada1ce907a5616046eb219eb40ea0ff2bb27f4da703925c32af1537f43a"},
    {file = "fastrlock-0.8.1-cp38-cp38-manylinux_2_5_x86_64.manylinux1_x86_64.whl", hash = "sha256:b864db14be48ff32d37aee0dcd61910274742f84fcced17a0f291f985e0abdca"},
    {file = "fastrlock-0.8.1-cp38-cp38-musllinux_1_1_aarch64.whl", hash = "sha256:f2db49fd0166fb61ab00e8d3fe55ae5cbb9d566df42ccf188ab482401fc7ac5d"},
    {file = "fastrlock-0.8.1-cp38-cp38-musllinux_1_1_x86_64.whl", hash = "sha256:d38943c3e015bd92ea6b8f155eb829000fc291edad21fc58ca0acbb8dd06788f"},
    {file = "fastrlock-0.8.1-cp38-cp38-win_amd64.whl", hash = "sha256:c00c4e090ff5204830e49cccebb41372f800970466725b184089a40ca332c897"},
    {file = "fastrlock-0.8.1-cp39-cp39-macosx_10_15_x86_64.whl", hash = "sha256:187786a0bdb8c5c59d8ed6f82846306e63169c3c5437c847c548dfaf548ee958"},
    {file = "fastrlock-0.8.1-cp39-cp39-manylinux_2_17_aarch64.manylinux2014_aarch64.manylinux_2_24_aarch64.whl", hash = "sha256:801bee6ef607c2020818d006677704e20997d61524cfa1f338e141a6f017b7dd"},
    {file = "fastrlock-0.8.1-cp39-cp39-manylinux_2_5_i686.manylinux1_i686.manylinux_2_24_i686.whl", hash = "sha256:73f1df1d1e141b0e2cedc40536ee745247f0bf968526535eb9e2e7acd85e7535"},
    {file = "fastrlock-0.8.1-cp39-cp39-manylinux_2_5_i686.manylinux1_i686.whl", hash = "sha256:eb5bb4187880f6944b6213728e3e8617a4613fa9d1303fea84d0227cd81943af"},
    {file = "fastrlock-0.8.1-cp39-cp39-manylinux_2_5_x86_64.manylinux1_x86_64.manylinux_2_24_x86_64.whl", hash = "sha256:294b60ed41b746e99189260f7dc42a8c280c59c9aa9e152f89752fc102f2eefa"},
    {file = "fastrlock-0.8.1-cp39-cp39-manylinux_2_5_x86_64.manylinux1_x86_64.whl", hash = "sha256:e5122103f38c9ebdb597304b2bed3b4c3b9f2c372d649eff2f7c3be70f8f7fc1"},
    {file = "fastrlock-0.8.1-cp39-cp39-musllinux_1_1_aarch64.whl", hash = "sha256:625372f1e19c80fc90b83a167bedc785855ea63c0deb2e66aab922e346dd9517"},
    {file = "fastrlock-0.8.1-cp39-cp39-musllinux_1_1_x86_64.whl", hash = "sha256:36fdc86df2cfa7f1692cdb035338dd7f952fa50e5ea8e39569e15ff4269a8e1a"},
    {file = "fastrlock-0.8.1-cp39-cp39-win_amd64.whl", hash = "sha256:6e97a68d67bd4b19948bc119252dc2b473dbcb301aa319ae98246d86281d2b9d"},
    {file = "fastrlock-0.8.1.tar.gz", hash = "sha256:8a5f2f00021c4ac72e4dab910dc1863c0e008a2e7fb5c843933ae9bcfc3d0802"},
]

[package.source]
type = "legacy"
url = "https://pypi.tuna.tsinghua.edu.cn/simple"
reference = "tsinghua"

[[package]]
name = "iniconfig"
version = "1.1.1"
description = "iniconfig: brain-dead simple config-ini parsing"
category = "dev"
optional = false
python-versions = "*"
files = [
    {file = "iniconfig-1.1.1-py2.py3-none-any.whl", hash = "sha256:011e24c64b7f47f6ebd835bb12a743f2fbe9a26d4cecaa7f53bc4f35ee9da8b3"},
    {file = "iniconfig-1.1.1.tar.gz", hash = "sha256:bc3af051d7d14b2ee5ef9969666def0cd1a000e121eaea580d4a313df4b37f32"},
]

[package.source]
type = "legacy"
url = "https://pypi.tuna.tsinghua.edu.cn/simple"
reference = "tsinghua"

[[package]]
name = "numpy"
version = "1.23.5"
description = "NumPy is the fundamental package for array computing with Python."
category = "main"
optional = false
python-versions = ">=3.8"
files = [
    {file = "numpy-1.23.5-cp310-cp310-macosx_10_9_x86_64.whl", hash = "sha256:9c88793f78fca17da0145455f0d7826bcb9f37da4764af27ac945488116efe63"},
    {file = "numpy-1.23.5-cp310-cp310-macosx_11_0_arm64.whl", hash = "sha256:e9f4c4e51567b616be64e05d517c79a8a22f3606499941d97bb76f2ca59f982d"},
    {file = "numpy-1.23.5-cp310-cp310-manylinux_2_17_aarch64.manylinux2014_aarch64.whl", hash = "sha256:7903ba8ab592b82014713c491f6c5d3a1cde5b4a3bf116404e08f5b52f6daf43"},
    {file = "numpy-1.23.5-cp310-cp310-manylinux_2_17_x86_64.manylinux2014_x86_64.whl", hash = "sha256:5e05b1c973a9f858c74367553e236f287e749465f773328c8ef31abe18f691e1"},
    {file = "numpy-1.23.5-cp310-cp310-win32.whl", hash = "sha256:522e26bbf6377e4d76403826ed689c295b0b238f46c28a7251ab94716da0b280"},
    {file = "numpy-1.23.5-cp310-cp310-win_amd64.whl", hash = "sha256:dbee87b469018961d1ad79b1a5d50c0ae850000b639bcb1b694e9981083243b6"},
    {file = "numpy-1.23.5-cp311-cp311-macosx_10_9_x86_64.whl", hash = "sha256:ce571367b6dfe60af04e04a1834ca2dc5f46004ac1cc756fb95319f64c095a96"},
    {file = "numpy-1.23.5-cp311-cp311-macosx_11_0_arm64.whl", hash = "sha256:56e454c7833e94ec9769fa0f86e6ff8e42ee38ce0ce1fa4cbb747ea7e06d56aa"},
    {file = "numpy-1.23.5-cp311-cp311-manylinux_2_17_aarch64.manylinux2014_aarch64.whl", hash = "sha256:5039f55555e1eab31124a5768898c9e22c25a65c1e0037f4d7c495a45778c9f2"},
    {file = "numpy-1.23.5-cp311-cp311-manylinux_2_17_x86_64.manylinux2014_x86_64.whl", hash = "sha256:58f545efd1108e647604a1b5aa809591ccd2540f468a880bedb97247e72db387"},
    {file = "numpy-1.23.5-cp311-cp311-win32.whl", hash = "sha256:b2a9ab7c279c91974f756c84c365a669a887efa287365a8e2c418f8b3ba73fb0"},
    {file = "numpy-1.23.5-cp311-cp311-win_amd64.whl", hash = "sha256:0cbe9848fad08baf71de1a39e12d1b6310f1d5b2d0ea4de051058e6e1076852d"},
    {file = "numpy-1.23.5-cp38-cp38-macosx_10_9_x86_64.whl", hash = "sha256:f063b69b090c9d918f9df0a12116029e274daf0181df392839661c4c7ec9018a"},
    {file = "numpy-1.23.5-cp38-cp38-macosx_11_0_arm64.whl", hash = "sha256:0aaee12d8883552fadfc41e96b4c82ee7d794949e2a7c3b3a7201e968c7ecab9"},
    {file = "numpy-1.23.5-cp38-cp38-manylinux_2_17_aarch64.manylinux2014_aarch64.whl", hash = "sha256:92c8c1e89a1f5028a4c6d9e3ccbe311b6ba53694811269b992c0b224269e2398"},
    {file = "numpy-1.23.5-cp38-cp38-manylinux_2_17_x86_64.manylinux2014_x86_64.whl", hash = "sha256:d208a0f8729f3fb790ed18a003f3a57895b989b40ea4dce4717e9cf4af62c6bb"},
    {file = "numpy-1.23.5-cp38-cp38-win32.whl", hash = "sha256:06005a2ef6014e9956c09ba07654f9837d9e26696a0470e42beedadb78c11b07"},
    {file = "numpy-1.23.5-cp38-cp38-win_amd64.whl", hash = "sha256:ca51fcfcc5f9354c45f400059e88bc09215fb71a48d3768fb80e357f3b457e1e"},
    {file = "numpy-1.23.5-cp39-cp39-macosx_10_9_x86_64.whl", hash = "sha256:8969bfd28e85c81f3f94eb4a66bc2cf1dbdc5c18efc320af34bffc54d6b1e38f"},
    {file = "numpy-1.23.5-cp39-cp39-macosx_11_0_arm64.whl", hash = "sha256:a7ac231a08bb37f852849bbb387a20a57574a97cfc7b6cabb488a4fc8be176de"},
    {file = "numpy-1.23.5-cp39-cp39-manylinux_2_17_aarch64.manylinux2014_aarch64.whl", hash = "sha256:bf837dc63ba5c06dc8797c398db1e223a466c7ece27a1f7b5232ba3466aafe3d"},
    {file = "numpy-1.23.5-cp39-cp39-manylinux_2_17_x86_64.manylinux2014_x86_64.whl", hash = "sha256:33161613d2269025873025b33e879825ec7b1d831317e68f4f2f0f84ed14c719"},
    {file = "numpy-1.23.5-cp39-cp39-win32.whl", hash = "sha256:af1da88f6bc3d2338ebbf0e22fe487821ea4d8e89053e25fa59d1d79786e7481"},
    {file = "numpy-1.23.5-cp39-cp39-win_amd64.whl", hash = "sha256:09b7847f7e83ca37c6e627682f145856de331049013853f344f37b0c9690e3df"},
    {file = "numpy-1.23.5-pp38-pypy38_pp73-macosx_10_9_x86_64.whl", hash = "sha256:abdde9f795cf292fb9651ed48185503a2ff29be87770c3b8e2a14b0cd7aa16f8"},
    {file = "numpy-1.23.5-pp38-pypy38_pp73-manylinux_2_17_x86_64.manylinux2014_x86_64.whl", hash = "sha256:f9a909a8bae284d46bbfdefbdd4a262ba19d3bc9921b1e76126b1d21c3c34135"},
    {file = "numpy-1.23.5-pp38-pypy38_pp73-win_amd64.whl", hash = "sha256:01dd17cbb340bf0fc23981e52e1d18a9d4050792e8fb8363cecbf066a84b827d"},
    {file = "numpy-1.23.5.tar.gz", hash = "sha256:1b1766d6f397c18153d40015ddfc79ddb715cabadc04d2d228d4e5a8bc4ded1a"},
]

[package.source]
type = "legacy"
url = "https://pypi.tuna.tsinghua.edu.cn/simple"
reference = "tsinghua"

[[package]]
name = "packaging"
version = "22.0"
description = "Core utilities for Python packages"
category = "dev"
optional = false
python-versions = ">=3.7"
files = [
    {file = "packaging-22.0-py3-none-any.whl", hash = "sha256:957e2148ba0e1a3b282772e791ef1d8083648bc131c8ab0c1feba110ce1146c3"},
    {file = "packaging-22.0.tar.gz", hash = "sha256:2198ec20bd4c017b8f9717e00f0c8714076fc2fd93816750ab48e2c41de2cfd3"},
]

[package.source]
type = "legacy"
url = "https://pypi.tuna.tsinghua.edu.cn/simple"
reference = "tsinghua"

[[package]]
name = "pluggy"
version = "1.0.0"
description = "plugin and hook calling mechanisms for python"
category = "dev"
optional = false
python-versions = ">=3.6"
files = [
    {file = "pluggy-1.0.0-py2.py3-none-any.whl", hash = "sha256:74134bbf457f031a36d68416e1509f34bd5ccc019f0bcc952c7b909d06b37bd3"},
    {file = "pluggy-1.0.0.tar.gz", hash = "sha256:4224373bacce55f955a878bf9cfa763c1e360858e330072059e10bad68531159"},
]

[package.extras]
dev = ["pre-commit", "tox"]
testing = ["pytest", "pytest-benchmark"]

[package.source]
type = "legacy"
url = "https://pypi.tuna.tsinghua.edu.cn/simple"
reference = "tsinghua"

[[package]]
name = "pytest"
version = "7.2.0"
description = "pytest: simple powerful testing with Python"
category = "dev"
optional = false
python-versions = ">=3.7"
files = [
    {file = "pytest-7.2.0-py3-none-any.whl", hash = "sha256:892f933d339f068883b6fd5a459f03d85bfcb355e4981e146d2c7616c21fef71"},
    {file = "pytest-7.2.0.tar.gz", hash = "sha256:c4014eb40e10f11f355ad4e3c2fb2c6c6d1919c73f3b5a433de4708202cade59"},
]

[package.dependencies]
attrs = ">=19.2.0"
colorama = {version = "*", markers = "sys_platform == \"win32\""}
exceptiongroup = {version = ">=1.0.0rc8", markers = "python_version < \"3.11\""}
iniconfig = "*"
packaging = "*"
pluggy = ">=0.12,<2.0"
tomli = {version = ">=1.0.0", markers = "python_version < \"3.11\""}

[package.extras]
testing = ["argcomplete", "hypothesis (>=3.56)", "mock", "nose", "pygments (>=2.7.2)", "requests", "xmlschema"]

[package.source]
type = "legacy"
url = "https://pypi.tuna.tsinghua.edu.cn/simple"
reference = "tsinghua"

[[package]]
name = "tomli"
version = "2.0.1"
description = "A lil' TOML parser"
category = "dev"
optional = false
python-versions = ">=3.7"
files = [
    {file = "tomli-2.0.1-py3-none-any.whl", hash = "sha256:939de3e7a6161af0c887ef91b7d41a53e7c5a1ca976325f429cb46ea9bc30ecc"},
    {file = "tomli-2.0.1.tar.gz", hash = "sha256:de526c12914f0c550d15924c62d72abc48d6fe7364aa87328337a31007fe8a4f"},
]

[package.source]
type = "legacy"
url = "https://pypi.tuna.tsinghua.edu.cn/simple"
reference = "tsinghua"

[metadata]
lock-version = "2.0"
python-versions = ">=3.8, <3.11"
content-hash = "8f4eadea65bcd962fbd79cafc9a89abf2762d9600df4f81cafc266ad69b8b14d"
